# This file is automatically @generated by Cargo.
# It is not intended for manual editing.
version = 3

[[package]]
name = "json_minimal"
version = "0.1.3"
source = "registry+https://github.com/rust-lang/crates.io-index"
checksum = "5f23a154c7bbe06d65d084a909a7ba16981b514768c5b79ccf423dda1e4b4d8e"

[[package]]
name = "packme-wasm"
version = "0.1.0"
dependencies = [
 "json_minimal",
]
